
Microsoft Visual Studio Solution File, Format Version 10.00
# Visual Studio 2008
Project("{8BC9CEB8-8B4A-11D0-8D11-00A0C91BC942}") = "CocoaDialog", "CocoaDialog.vcproj", "{88910743-CAD1-4B7A-A64C-AAD052AC9B07}"
EndProject
Global
	GlobalSection(SolutionConfigurationPlatforms) = preSolution
		Debug|Win32 = Debug|Win32
		Release|Win32 = Release|Win32
	EndGlobalSection
	GlobalSection(ProjectConfigurationPlatforms) = postSolution
		{88910743-CAD1-4B7A-A64C-AAD052AC9B07}.Debug|Win32.ActiveCfg = Debug|Win32
		{88910743-CAD1-4B7A-A64C-AAD052AC9B07}.Debug|Win32.Build.0 = Debug|Win32
		{88910743-CAD1-4B7A-A64C-AAD052AC9B07}.Release|Win32.ActiveCfg = Release|Win32
		{88910743-CAD1-4B7A-A64C-AAD052AC9B07}.Release|Win32.Build.0 = Release|Win32
	EndGlobalSection
	GlobalSection(SolutionProperties) = preSolution
		HideSolutionNode = FALSE
	EndGlobalSection
EndGlobal
